
Microsoft Visual Studio Solution File, Format Version 12.00
# Visual Studio Version 16
VisualStudioVersion = 16.0.31321.278
MinimumVisualStudioVersion = 10.0.40219.1
Project("{FAE04EC0-301F-11D3-BF4B-00C04F79EFBC}") = "EventHubProducer", "EventHubProducer.csproj", "{C68B4884-0E87-4632-9779-BAE0B6CEF203}"
EndProject
Global
	GlobalSection(SolutionConfigurationPlatforms) = preSolution
		Debug|Any CPU = Debug|Any CPU
		Release|Any CPU = Release|Any CPU
	EndGlobalSection
	GlobalSection(ProjectConfigurationPlatforms) = postSolution
		{C68B4884-0E87-4632-9779-BAE0B6CEF203}.Debug|Any CPU.ActiveCfg = Debug|Any CPU
		{C68B4884-0E87-4632-9779-BAE0B6CEF203}.Debug|Any CPU.Build.0 = Debug|Any CPU
		{C68B4884-0E87-4632-9779-BAE0B6CEF203}.Release|Any CPU.ActiveCfg = Release|Any CPU
		{C68B4884-0E87-4632-9779-BAE0B6CEF203}.Release|Any CPU.Build.0 = Release|Any CPU
	EndGlobalSection
	GlobalSection(SolutionProperties) = preSolution
		HideSolutionNode = FALSE
	EndGlobalSection
	GlobalSection(ExtensibilityGlobals) = postSolution
		SolutionGuid = {06F3D695-6DCA-4893-A2E5-3E2C20608D88}
	EndGlobalSection
EndGlobal
